
Microsoft Visual Studio Solution File, Format Version 12.00
# Visual Studio Version 17
VisualStudioVersion = 17.7.34024.191
MinimumVisualStudioVersion = 10.0.40219.1
Project("{FAE04EC0-301F-11D3-BF4B-00C04F79EFBC}") = "InstaSaveBot", "InstaSaveBot\InstaSaveBot.csproj", "{5FE9412D-8510-4211-BB7D-59D7DAF2A502}"
EndProject
Global
	GlobalSection(SolutionConfigurationPlatforms) = preSolution
		Debug|Any CPU = Debug|Any CPU
		Release|Any CPU = Release|Any CPU
	EndGlobalSection
	GlobalSection(ProjectConfigurationPlatforms) = postSolution
		{5FE9412D-8510-4211-BB7D-59D7DAF2A502}.Debug|Any CPU.ActiveCfg = Debug|Any CPU
		{5FE9412D-8510-4211-BB7D-59D7DAF2A502}.Debug|Any CPU.Build.0 = Debug|Any CPU
		{5FE9412D-8510-4211-BB7D-59D7DAF2A502}.Release|Any CPU.ActiveCfg = Release|Any CPU
		{5FE9412D-8510-4211-BB7D-59D7DAF2A502}.Release|Any CPU.Build.0 = Release|Any CPU
	EndGlobalSection
	GlobalSection(SolutionProperties) = preSolution
		HideSolutionNode = FALSE
	EndGlobalSection
	GlobalSection(ExtensibilityGlobals) = postSolution
		SolutionGuid = {377582F0-E77F-4BD6-93BD-14DB58359F7A}
	EndGlobalSection
EndGlobal
